
Microsoft Visual Studio Solution File, Format Version 12.00
# Visual Studio Version 16
VisualStudioVersion = 16.0.29411.108
MinimumVisualStudioVersion = 10.0.40219.1
Project("{FAE04EC0-301F-11D3-BF4B-00C04F79EFBC}") = "MissingCode.Umbraco.Tagliatelle", "MissingCode.Umbraco.Tagliatelle\MissingCode.Umbraco.Tagliatelle.csproj", "{6FC3001B-D064-4EC4-8F50-EF3836DCBCCD}"
EndProject
Global
	GlobalSection(SolutionConfigurationPlatforms) = preSolution
		Debug|Any CPU = Debug|Any CPU
		Release|Any CPU = Release|Any CPU
	EndGlobalSection
	GlobalSection(ProjectConfigurationPlatforms) = postSolution
		{6FC3001B-D064-4EC4-8F50-EF3836DCBCCD}.Debug|Any CPU.ActiveCfg = Debug|Any CPU
		{6FC3001B-D064-4EC4-8F50-EF3836DCBCCD}.Debug|Any CPU.Build.0 = Debug|Any CPU
		{6FC3001B-D064-4EC4-8F50-EF3836DCBCCD}.Release|Any CPU.ActiveCfg = Release|Any CPU
		{6FC3001B-D064-4EC4-8F50-EF3836DCBCCD}.Release|Any CPU.Build.0 = Release|Any CPU
	EndGlobalSection
	GlobalSection(SolutionProperties) = preSolution
		HideSolutionNode = FALSE
	EndGlobalSection
	GlobalSection(ExtensibilityGlobals) = postSolution
		SolutionGuid = {A6DAA73B-A7D4-40BC-A7C4-034A5818062E}
	EndGlobalSection
EndGlobal
